
Microsoft Visual Studio Solution File, Format Version 12.00
# Visual Studio 15
VisualStudioVersion = 15.0.28307.271
MinimumVisualStudioVersion = 10.0.40219.1
Project("{FAE04EC0-301F-11D3-BF4B-00C04F79EFBC}") = "zapocty", "zapocty\zapocty.csproj", "{1DA5C102-3D26-4AF3-A8CD-72DBD345DD14}"
EndProject
Global
	GlobalSection(SolutionConfigurationPlatforms) = preSolution
		Debug|Any CPU = Debug|Any CPU
		Release|Any CPU = Release|Any CPU
	EndGlobalSection
	GlobalSection(ProjectConfigurationPlatforms) = postSolution
		{1DA5C102-3D26-4AF3-A8CD-72DBD345DD14}.Debug|Any CPU.ActiveCfg = Debug|Any CPU
		{1DA5C102-3D26-4AF3-A8CD-72DBD345DD14}.Debug|Any CPU.Build.0 = Debug|Any CPU
		{1DA5C102-3D26-4AF3-A8CD-72DBD345DD14}.Release|Any CPU.ActiveCfg = Release|Any CPU
		{1DA5C102-3D26-4AF3-A8CD-72DBD345DD14}.Release|Any CPU.Build.0 = Release|Any CPU
	EndGlobalSection
	GlobalSection(SolutionProperties) = preSolution
		HideSolutionNode = FALSE
	EndGlobalSection
	GlobalSection(ExtensibilityGlobals) = postSolution
		SolutionGuid = {001F71E9-1538-4C93-82DC-178C60555273}
	EndGlobalSection
EndGlobal
